
Microsoft Visual Studio Solution File, Format Version 12.00
# Visual Studio 14
VisualStudioVersion = 14.0.25420.1
MinimumVisualStudioVersion = 10.0.40219.1
Project("{E24C65DC-7377-472B-9ABA-BC803B73C61A}") = "src(1)", "src\", "{412CEAC6-133B-4354-940C-2CE8EA6F8718}"
	ProjectSection(WebsiteProperties) = preProject
		TargetFrameworkMoniker = ".NETFramework,Version%3Dv4.0"
		Debug.AspNetCompiler.VirtualPath = "/localhost_58620"
		Debug.AspNetCompiler.PhysicalPath = "src\"
		Debug.AspNetCompiler.TargetPath = "PrecompiledWeb\localhost_58620\"
		Debug.AspNetCompiler.Updateable = "true"
		Debug.AspNetCompiler.ForceOverwrite = "true"
		Debug.AspNetCompiler.FixedNames = "false"
		Debug.AspNetCompiler.Debug = "True"
		Release.AspNetCompiler.VirtualPath = "/localhost_58620"
		Release.AspNetCompiler.PhysicalPath = "src\"
		Release.AspNetCompiler.TargetPath = "PrecompiledWeb\localhost_58620\"
		Release.AspNetCompiler.Updateable = "true"
		Release.AspNetCompiler.ForceOverwrite = "true"
		Release.AspNetCompiler.FixedNames = "false"
		Release.AspNetCompiler.Debug = "False"
		VWDPort = "58620"
		SlnRelativePath = "src\"
	EndProjectSection
EndProject
Project("{FAE04EC0-301F-11D3-BF4B-00C04F79EFBC}") = "StartStopDataService", "..\StartStopDataService\StartStopDataService.csproj", "{E3DFFF1D-A10E-498C-B4AB-DA66AEFD5C99}"
EndProject
Project("{FAE04EC0-301F-11D3-BF4B-00C04F79EFBC}") = "TestFormatBumber", "TestFormatBumber\TestFormatBumber.csproj", "{1EF6EE84-778D-4331-95ED-DDA50560FB30}"
EndProject
Global
	GlobalSection(SolutionConfigurationPlatforms) = preSolution
		Debug|Any CPU = Debug|Any CPU
		Release|Any CPU = Release|Any CPU
	EndGlobalSection
	GlobalSection(ProjectConfigurationPlatforms) = postSolution
		{412CEAC6-133B-4354-940C-2CE8EA6F8718}.Debug|Any CPU.ActiveCfg = Debug|Any CPU
		{412CEAC6-133B-4354-940C-2CE8EA6F8718}.Debug|Any CPU.Build.0 = Debug|Any CPU
		{412CEAC6-133B-4354-940C-2CE8EA6F8718}.Release|Any CPU.ActiveCfg = Debug|Any CPU
		{412CEAC6-133B-4354-940C-2CE8EA6F8718}.Release|Any CPU.Build.0 = Debug|Any CPU
		{E3DFFF1D-A10E-498C-B4AB-DA66AEFD5C99}.Debug|Any CPU.ActiveCfg = Debug|Any CPU
		{E3DFFF1D-A10E-498C-B4AB-DA66AEFD5C99}.Debug|Any CPU.Build.0 = Debug|Any CPU
		{E3DFFF1D-A10E-498C-B4AB-DA66AEFD5C99}.Release|Any CPU.ActiveCfg = Release|Any CPU
		{E3DFFF1D-A10E-498C-B4AB-DA66AEFD5C99}.Release|Any CPU.Build.0 = Release|Any CPU
		{1EF6EE84-778D-4331-95ED-DDA50560FB30}.Debug|Any CPU.ActiveCfg = Debug|Any CPU
		{1EF6EE84-778D-4331-95ED-DDA50560FB30}.Debug|Any CPU.Build.0 = Debug|Any CPU
		{1EF6EE84-778D-4331-95ED-DDA50560FB30}.Release|Any CPU.ActiveCfg = Release|Any CPU
		{1EF6EE84-778D-4331-95ED-DDA50560FB30}.Release|Any CPU.Build.0 = Release|Any CPU
	EndGlobalSection
	GlobalSection(SolutionProperties) = preSolution
		HideSolutionNode = FALSE
	EndGlobalSection
EndGlobal
